
Microsoft Visual Studio Solution File, Format Version 12.00
# Visual Studio Version 16
VisualStudioVersion = 16.0.31229.75
MinimumVisualStudioVersion = 10.0.40219.1
Project("{FAE04EC0-301F-11D3-BF4B-00C04F79EFBC}") = "MVC_Party", "MVC_Party\MVC_Party.csproj", "{7C97A23D-9F2A-4FAF-B8C3-F23CC1E65489}"
EndProject
Global
	GlobalSection(SolutionConfigurationPlatforms) = preSolution
		Debug|Any CPU = Debug|Any CPU
		Release|Any CPU = Release|Any CPU
	EndGlobalSection
	GlobalSection(ProjectConfigurationPlatforms) = postSolution
		{7C97A23D-9F2A-4FAF-B8C3-F23CC1E65489}.Debug|Any CPU.ActiveCfg = Debug|Any CPU
		{7C97A23D-9F2A-4FAF-B8C3-F23CC1E65489}.Debug|Any CPU.Build.0 = Debug|Any CPU
		{7C97A23D-9F2A-4FAF-B8C3-F23CC1E65489}.Release|Any CPU.ActiveCfg = Release|Any CPU
		{7C97A23D-9F2A-4FAF-B8C3-F23CC1E65489}.Release|Any CPU.Build.0 = Release|Any CPU
	EndGlobalSection
	GlobalSection(SolutionProperties) = preSolution
		HideSolutionNode = FALSE
	EndGlobalSection
	GlobalSection(ExtensibilityGlobals) = postSolution
		SolutionGuid = {7DC3E933-AF12-45CD-BAC7-F2B435CBB32B}
	EndGlobalSection
EndGlobal
